
Microsoft Visual Studio Solution File, Format Version 12.00
# Visual Studio Version 17
VisualStudioVersion = 17.0.32014.148
MinimumVisualStudioVersion = 10.0.40219.1
Project("{9A19103F-16F7-4668-BE54-9A1E7A4F7556}") = "TaskManager.Api", "src\TaskManager.Api\TaskManager.Api.csproj", "{F9C5EF17-6747-4F9F-A340-4D6802F26D86}"
EndProject
Project("{9A19103F-16F7-4668-BE54-9A1E7A4F7556}") = "TaskManager.Api.Tests", "src\TaskManager.Api.Tests\TaskManager.Api.Tests.csproj", "{18BEAF3E-ABD1-48C2-B6AE-5E95427AAC39}"
EndProject
Global
	GlobalSection(SolutionConfigurationPlatforms) = preSolution
		Debug|Any CPU = Debug|Any CPU
		Release|Any CPU = Release|Any CPU
	EndGlobalSection
	GlobalSection(ProjectConfigurationPlatforms) = postSolution
		{F9C5EF17-6747-4F9F-A340-4D6802F26D86}.Debug|Any CPU.ActiveCfg = Debug|Any CPU
		{F9C5EF17-6747-4F9F-A340-4D6802F26D86}.Debug|Any CPU.Build.0 = Debug|Any CPU
		{F9C5EF17-6747-4F9F-A340-4D6802F26D86}.Release|Any CPU.ActiveCfg = Release|Any CPU
		{F9C5EF17-6747-4F9F-A340-4D6802F26D86}.Release|Any CPU.Build.0 = Release|Any CPU
		{18BEAF3E-ABD1-48C2-B6AE-5E95427AAC39}.Debug|Any CPU.ActiveCfg = Debug|Any CPU
		{18BEAF3E-ABD1-48C2-B6AE-5E95427AAC39}.Debug|Any CPU.Build.0 = Debug|Any CPU
		{18BEAF3E-ABD1-48C2-B6AE-5E95427AAC39}.Release|Any CPU.ActiveCfg = Release|Any CPU
		{18BEAF3E-ABD1-48C2-B6AE-5E95427AAC39}.Release|Any CPU.Build.0 = Release|Any CPU
	EndGlobalSection
	GlobalSection(SolutionProperties) = preSolution
		HideSolutionNode = FALSE
	EndGlobalSection
	GlobalSection(ExtensibilityGlobals) = postSolution
		SolutionGuid = {89A0A092-40B5-48D6-8CA8-91D75225EE3C}
	EndGlobalSection
EndGlobal
